# This file was autogenerated by uv via the following command:
#    uv pip compile -o requirements.lock pyproject.toml
asgiref==3.8.1
    # via
    #   wm-system-backend (pyproject.toml)
    #   django
    #   django-cors-headers
attrs==25.3.0
    # via
    #   wm-system-backend (pyproject.toml)
    #   jsonschema
    #   referencing
autopep8==2.3.2
    # via wm-system-backend (pyproject.toml)
cachetools==5.5.2
    # via google-auth
certifi==2025.4.26
    # via
    #   wm-system-backend (pyproject.toml)
    #   requests
chardet==5.2.0
    # via
    #   wm-system-backend (pyproject.toml)
    #   reportlab
charset-normalizer==3.4.2
    # via
    #   wm-system-backend (pyproject.toml)
    #   requests
colorama==0.4.6
    # via wm-system-backend (pyproject.toml)
diff-match-patch==20241021
    # via
    #   wm-system-backend (pyproject.toml)
    #   django-import-export
django==5.2.2
    # via
    #   wm-system-backend (pyproject.toml)
    #   django-cors-headers
    #   django-import-export
    #   django-silk
    #   djangorestframework
    #   drf-spectacular
    #   drf-spectacular-sidecar
django-admin-rangefilter==0.13.2
    # via wm-system-backend (pyproject.toml)
django-cors-headers==4.7.0
    # via wm-system-backend (pyproject.toml)
django-import-export==4.3.7
    # via wm-system-backend (pyproject.toml)
django-silk==5.4.0
    # via wm-system-backend (pyproject.toml)
djangorestframework==3.16.0
    # via
    #   wm-system-backend (pyproject.toml)
    #   drf-spectacular
drf-spectacular==0.28.0
    # via wm-system-backend (pyproject.toml)
drf-spectacular-sidecar==2025.6.1
    # via wm-system-backend (pyproject.toml)
et-xmlfile==2.0.0
    # via
    #   wm-system-backend (pyproject.toml)
    #   openpyxl
google-api-core==2.25.0
    # via
    #   wm-system-backend (pyproject.toml)
    #   google-cloud-core
    #   google-cloud-storage
google-auth==2.40.3
    # via
    #   wm-system-backend (pyproject.toml)
    #   google-api-core
    #   google-cloud-core
    #   google-cloud-storage
google-cloud-core==2.4.3
    # via google-cloud-storage
google-cloud-storage==3.1.0
    # via wm-system-backend (pyproject.toml)
google-crc32c==1.7.1
    # via
    #   google-cloud-storage
    #   google-resumable-media
google-resumable-media==2.7.2
    # via google-cloud-storage
googleapis-common-protos==1.70.0
    # via google-api-core
gprof2dot==2025.4.14
    # via
    #   wm-system-backend (pyproject.toml)
    #   django-silk
gunicorn==23.0.0
    # via wm-system-backend (pyproject.toml)
idna==3.10
    # via
    #   wm-system-backend (pyproject.toml)
    #   requests
inflection==0.5.1
    # via
    #   wm-system-backend (pyproject.toml)
    #   drf-spectacular
jsonschema==4.24.0
    # via
    #   wm-system-backend (pyproject.toml)
    #   drf-spectacular
jsonschema-specifications==2025.4.1
    # via
    #   wm-system-backend (pyproject.toml)
    #   jsonschema
numpy==2.2.6
    # via
    #   wm-system-backend (pyproject.toml)
    #   pandas
openpyxl==3.1.5
    # via wm-system-backend (pyproject.toml)
packaging==25.0
    # via
    #   wm-system-backend (pyproject.toml)
    #   gunicorn
pandas==2.3.0
    # via wm-system-backend (pyproject.toml)
pillow==11.2.1
    # via
    #   wm-system-backend (pyproject.toml)
    #   reportlab
pip==25.1.1
    # via wm-system-backend (pyproject.toml)
proto-plus==1.26.1
    # via google-api-core
protobuf==6.31.1
    # via
    #   wm-system-backend (pyproject.toml)
    #   google-api-core
    #   googleapis-common-protos
    #   proto-plus
psycopg==3.2.9
    # via wm-system-backend (pyproject.toml)
psycopg-binary==3.2.9
    # via psycopg
psycopg-c==3.2.9
    # via psycopg
pyasn1==0.6.1
    # via
    #   pyasn1-modules
    #   rsa
pyasn1-modules==0.4.2
    # via google-auth
pycodestyle==2.13.0
    # via
    #   wm-system-backend (pyproject.toml)
    #   autopep8
python-dateutil==2.9.0.post0
    # via
    #   wm-system-backend (pyproject.toml)
    #   pandas
python-decouple==3.8
    # via wm-system-backend (pyproject.toml)
pytz==2025.2
    # via
    #   wm-system-backend (pyproject.toml)
    #   pandas
pyyaml==6.0.2
    # via
    #   wm-system-backend (pyproject.toml)
    #   drf-spectacular
qrcode==8.2
    # via wm-system-backend (pyproject.toml)
referencing==0.36.2
    # via
    #   wm-system-backend (pyproject.toml)
    #   jsonschema
    #   jsonschema-specifications
reportlab==4.4.1
    # via wm-system-backend (pyproject.toml)
requests==2.32.3
    # via
    #   wm-system-backend (pyproject.toml)
    #   google-api-core
    #   google-cloud-storage
rpds-py==0.25.1
    # via
    #   wm-system-backend (pyproject.toml)
    #   jsonschema
    #   referencing
rsa==4.9.1
    # via google-auth
setuptools==80.9.0
    # via wm-system-backend (pyproject.toml)
six==1.17.0
    # via
    #   wm-system-backend (pyproject.toml)
    #   python-dateutil
sqlparse==0.5.3
    # via
    #   wm-system-backend (pyproject.toml)
    #   django
    #   django-silk
tablib==3.8.0
    # via
    #   wm-system-backend (pyproject.toml)
    #   django-import-export
typing-extensions==4.14.0
    # via
    #   wm-system-backend (pyproject.toml)
    #   psycopg
    #   referencing
tzdata==2025.2
    # via
    #   wm-system-backend (pyproject.toml)
    #   pandas
uritemplate==4.2.0
    # via
    #   wm-system-backend (pyproject.toml)
    #   drf-spectacular
urllib3==2.4.0
    # via
    #   wm-system-backend (pyproject.toml)
    #   requests
wheel==0.45.1
    # via wm-system-backend (pyproject.toml)
